
Microsoft Visual Studio Solution File, Format Version 12.00
# Visual Studio Version 17
VisualStudioVersion = 17.14.36518.9
MinimumVisualStudioVersion = 10.0.40219.1
Project("{2150E333-8FDC-42A3-9474-1A3956D46DE8}") = "src", "src", "{827E0CD3-B72D-47B6-A68D-7590B98EB39B}"
EndProject
Project("{FAE04EC0-301F-11D3-BF4B-00C04F79EFBC}") = "LogyxDataHub", "src\LogyxDataHub\LogyxDataHub.csproj", "{C299DF88-3ACA-4C7D-891D-89B71802BBF2}"
EndProject
Project("{FAE04EC0-301F-11D3-BF4B-00C04F79EFBC}") = "DataHub.Oris", "src\DataHub.Oris\DataHub.Oris.csproj", "{87A7AF3A-067A-4D9D-BE5B-464F315F121D}"
EndProject
Project("{2150E333-8FDC-42A3-9474-1A3956D46DE8}") = "tests", "tests", "{0AB3BF05-4346-4AA6-1389-037BE0695223}"
EndProject
Project("{FAE04EC0-301F-11D3-BF4B-00C04F79EFBC}") = "DataHub.Oris.Tests", "tests\DataHub.Oris.Tests\DataHub.Oris.Tests.csproj", "{7E6E443E-C3D4-45DA-A1D3-81C2F620B187}"
EndProject
Project("{FAE04EC0-301F-11D3-BF4B-00C04F79EFBC}") = "DataHub.Domain", "src\DataHub.Domain\DataHub.Domain.csproj", "{53A4E788-FB70-4EE9-949A-32D3C4BDF293}"
EndProject
Project("{FAE04EC0-301F-11D3-BF4B-00C04F79EFBC}") = "DataHub.Application", "src\DataHub.Application\DataHub.Application.csproj", "{2B3F7511-5C02-4382-A21E-D1F9F33AEC07}"
EndProject
Project("{FAE04EC0-301F-11D3-BF4B-00C04F79EFBC}") = "DataHub.Infrastructure", "src\DataHub.Infrastructure\DataHub.Infrastructure.csproj", "{8BC19A86-A498-4484-B0D8-4D545170772F}"
EndProject
Project("{FAE04EC0-301F-11D3-BF4B-00C04F79EFBC}") = "DataHub.Infrastructure.Tests", "tests\DataHub.Infrastructure.Tests\DataHub.Infrastructure.Tests.csproj", "{188F5551-5CEA-496C-A537-46D4839BDDDA}"
EndProject
Project("{FAE04EC0-301F-11D3-BF4B-00C04F79EFBC}") = "DataHub.Api", "src\DataHub.Api\DataHub.Api.csproj", "{BF706BFA-B615-4D33-9321-A20A30FA9E00}"
EndProject
Project("{FAE04EC0-301F-11D3-BF4B-00C04F79EFBC}") = "DataHub.Api.Tests", "tests\DataHub.Api.Tests\DataHub.Api.Tests.csproj", "{C01D739E-0D2C-4E84-BFFC-818F655081BA}"
EndProject
Project("{FAE04EC0-301F-11D3-BF4B-00C04F79EFBC}") = "DataHub.Web", "src\DataHub.Web\DataHub.Web.csproj", "{7048C825-D082-4619-A334-9738DE270A73}"
EndProject
Project("{FAE04EC0-301F-11D3-BF4B-00C04F79EFBC}") = "DataHub.Web.Tests", "tests\DataHub.Web.Tests\DataHub.Web.Tests.csproj", "{FA536609-3902-4EB9-9C5C-494C7FFD04CF}"
EndProject
Global
	GlobalSection(SolutionConfigurationPlatforms) = preSolution
		Debug|Any CPU = Debug|Any CPU
		Debug|x64 = Debug|x64
		Debug|x86 = Debug|x86
		Release|Any CPU = Release|Any CPU
		Release|x64 = Release|x64
		Release|x86 = Release|x86
	EndGlobalSection
	GlobalSection(ProjectConfigurationPlatforms) = postSolution
		{C299DF88-3ACA-4C7D-891D-89B71802BBF2}.Debug|Any CPU.ActiveCfg = Debug|Any CPU
		{C299DF88-3ACA-4C7D-891D-89B71802BBF2}.Debug|Any CPU.Build.0 = Debug|Any CPU
		{C299DF88-3ACA-4C7D-891D-89B71802BBF2}.Debug|x64.ActiveCfg = Debug|Any CPU
		{C299DF88-3ACA-4C7D-891D-89B71802BBF2}.Debug|x64.Build.0 = Debug|Any CPU
		{C299DF88-3ACA-4C7D-891D-89B71802BBF2}.Debug|x86.ActiveCfg = Debug|Any CPU
		{C299DF88-3ACA-4C7D-891D-89B71802BBF2}.Debug|x86.Build.0 = Debug|Any CPU
		{C299DF88-3ACA-4C7D-891D-89B71802BBF2}.Release|Any CPU.ActiveCfg = Release|Any CPU
		{C299DF88-3ACA-4C7D-891D-89B71802BBF2}.Release|Any CPU.Build.0 = Release|Any CPU
		{C299DF88-3ACA-4C7D-891D-89B71802BBF2}.Release|x64.ActiveCfg = Release|Any CPU
		{C299DF88-3ACA-4C7D-891D-89B71802BBF2}.Release|x64.Build.0 = Release|Any CPU
		{C299DF88-3ACA-4C7D-891D-89B71802BBF2}.Release|x86.ActiveCfg = Release|Any CPU
		{C299DF88-3ACA-4C7D-891D-89B71802BBF2}.Release|x86.Build.0 = Release|Any CPU
		{87A7AF3A-067A-4D9D-BE5B-464F315F121D}.Debug|Any CPU.ActiveCfg = Debug|Any CPU
		{87A7AF3A-067A-4D9D-BE5B-464F315F121D}.Debug|Any CPU.Build.0 = Debug|Any CPU
		{87A7AF3A-067A-4D9D-BE5B-464F315F121D}.Debug|x64.ActiveCfg = Debug|Any CPU
		{87A7AF3A-067A-4D9D-BE5B-464F315F121D}.Debug|x64.Build.0 = Debug|Any CPU
		{87A7AF3A-067A-4D9D-BE5B-464F315F121D}.Debug|x86.ActiveCfg = Debug|Any CPU
		{87A7AF3A-067A-4D9D-BE5B-464F315F121D}.Debug|x86.Build.0 = Debug|Any CPU
		{87A7AF3A-067A-4D9D-BE5B-464F315F121D}.Release|Any CPU.ActiveCfg = Release|Any CPU
		{87A7AF3A-067A-4D9D-BE5B-464F315F121D}.Release|Any CPU.Build.0 = Release|Any CPU
		{87A7AF3A-067A-4D9D-BE5B-464F315F121D}.Release|x64.ActiveCfg = Release|Any CPU
		{87A7AF3A-067A-4D9D-BE5B-464F315F121D}.Release|x64.Build.0 = Release|Any CPU
		{87A7AF3A-067A-4D9D-BE5B-464F315F121D}.Release|x86.ActiveCfg = Release|Any CPU
		{87A7AF3A-067A-4D9D-BE5B-464F315F121D}.Release|x86.Build.0 = Release|Any CPU
		{7E6E443E-C3D4-45DA-A1D3-81C2F620B187}.Debug|Any CPU.ActiveCfg = Debug|Any CPU
		{7E6E443E-C3D4-45DA-A1D3-81C2F620B187}.Debug|Any CPU.Build.0 = Debug|Any CPU
		{7E6E443E-C3D4-45DA-A1D3-81C2F620B187}.Debug|x64.ActiveCfg = Debug|Any CPU
		{7E6E443E-C3D4-45DA-A1D3-81C2F620B187}.Debug|x64.Build.0 = Debug|Any CPU
		{7E6E443E-C3D4-45DA-A1D3-81C2F620B187}.Debug|x86.ActiveCfg = Debug|Any CPU
		{7E6E443E-C3D4-45DA-A1D3-81C2F620B187}.Debug|x86.Build.0 = Debug|Any CPU
		{7E6E443E-C3D4-45DA-A1D3-81C2F620B187}.Release|Any CPU.ActiveCfg = Release|Any CPU
		{7E6E443E-C3D4-45DA-A1D3-81C2F620B187}.Release|Any CPU.Build.0 = Release|Any CPU
		{7E6E443E-C3D4-45DA-A1D3-81C2F620B187}.Release|x64.ActiveCfg = Release|Any CPU
		{7E6E443E-C3D4-45DA-A1D3-81C2F620B187}.Release|x64.Build.0 = Release|Any CPU
		{7E6E443E-C3D4-45DA-A1D3-81C2F620B187}.Release|x86.ActiveCfg = Release|Any CPU
		{7E6E443E-C3D4-45DA-A1D3-81C2F620B187}.Release|x86.Build.0 = Release|Any CPU
		{53A4E788-FB70-4EE9-949A-32D3C4BDF293}.Debug|Any CPU.ActiveCfg = Debug|Any CPU
		{53A4E788-FB70-4EE9-949A-32D3C4BDF293}.Debug|Any CPU.Build.0 = Debug|Any CPU
		{53A4E788-FB70-4EE9-949A-32D3C4BDF293}.Debug|x64.ActiveCfg = Debug|Any CPU
		{53A4E788-FB70-4EE9-949A-32D3C4BDF293}.Debug|x64.Build.0 = Debug|Any CPU
		{53A4E788-FB70-4EE9-949A-32D3C4BDF293}.Debug|x86.ActiveCfg = Debug|Any CPU
		{53A4E788-FB70-4EE9-949A-32D3C4BDF293}.Debug|x86.Build.0 = Debug|Any CPU
		{53A4E788-FB70-4EE9-949A-32D3C4BDF293}.Release|Any CPU.ActiveCfg = Release|Any CPU
		{53A4E788-FB70-4EE9-949A-32D3C4BDF293}.Release|Any CPU.Build.0 = Release|Any CPU
		{53A4E788-FB70-4EE9-949A-32D3C4BDF293}.Release|x64.ActiveCfg = Release|Any CPU
		{53A4E788-FB70-4EE9-949A-32D3C4BDF293}.Release|x64.Build.0 = Release|Any CPU
		{53A4E788-FB70-4EE9-949A-32D3C4BDF293}.Release|x86.ActiveCfg = Release|Any CPU
		{53A4E788-FB70-4EE9-949A-32D3C4BDF293}.Release|x86.Build.0 = Release|Any CPU
		{2B3F7511-5C02-4382-A21E-D1F9F33AEC07}.Debug|Any CPU.ActiveCfg = Debug|Any CPU
		{2B3F7511-5C02-4382-A21E-D1F9F33AEC07}.Debug|Any CPU.Build.0 = Debug|Any CPU
		{2B3F7511-5C02-4382-A21E-D1F9F33AEC07}.Debug|x64.ActiveCfg = Debug|Any CPU
		{2B3F7511-5C02-4382-A21E-D1F9F33AEC07}.Debug|x64.Build.0 = Debug|Any CPU
		{2B3F7511-5C02-4382-A21E-D1F9F33AEC07}.Debug|x86.ActiveCfg = Debug|Any CPU
		{2B3F7511-5C02-4382-A21E-D1F9F33AEC07}.Debug|x86.Build.0 = Debug|Any CPU
		{2B3F7511-5C02-4382-A21E-D1F9F33AEC07}.Release|Any CPU.ActiveCfg = Release|Any CPU
		{2B3F7511-5C02-4382-A21E-D1F9F33AEC07}.Release|Any CPU.Build.0 = Release|Any CPU
		{2B3F7511-5C02-4382-A21E-D1F9F33AEC07}.Release|x64.ActiveCfg = Release|Any CPU
		{2B3F7511-5C02-4382-A21E-D1F9F33AEC07}.Release|x64.Build.0 = Release|Any CPU
		{2B3F7511-5C02-4382-A21E-D1F9F33AEC07}.Release|x86.ActiveCfg = Release|Any CPU
		{2B3F7511-5C02-4382-A21E-D1F9F33AEC07}.Release|x86.Build.0 = Release|Any CPU
		{8BC19A86-A498-4484-B0D8-4D545170772F}.Debug|Any CPU.ActiveCfg = Debug|Any CPU
		{8BC19A86-A498-4484-B0D8-4D545170772F}.Debug|Any CPU.Build.0 = Debug|Any CPU
		{8BC19A86-A498-4484-B0D8-4D545170772F}.Debug|x64.ActiveCfg = Debug|Any CPU
		{8BC19A86-A498-4484-B0D8-4D545170772F}.Debug|x64.Build.0 = Debug|Any CPU
		{8BC19A86-A498-4484-B0D8-4D545170772F}.Debug|x86.ActiveCfg = Debug|Any CPU
		{8BC19A86-A498-4484-B0D8-4D545170772F}.Debug|x86.Build.0 = Debug|Any CPU
		{8BC19A86-A498-4484-B0D8-4D545170772F}.Release|Any CPU.ActiveCfg = Release|Any CPU
		{8BC19A86-A498-4484-B0D8-4D545170772F}.Release|Any CPU.Build.0 = Release|Any CPU
		{8BC19A86-A498-4484-B0D8-4D545170772F}.Release|x64.ActiveCfg = Release|Any CPU
		{8BC19A86-A498-4484-B0D8-4D545170772F}.Release|x64.Build.0 = Release|Any CPU
		{8BC19A86-A498-4484-B0D8-4D545170772F}.Release|x86.ActiveCfg = Release|Any CPU
		{8BC19A86-A498-4484-B0D8-4D545170772F}.Release|x86.Build.0 = Release|Any CPU
		{188F5551-5CEA-496C-A537-46D4839BDDDA}.Debug|Any CPU.ActiveCfg = Debug|Any CPU
		{188F5551-5CEA-496C-A537-46D4839BDDDA}.Debug|Any CPU.Build.0 = Debug|Any CPU
		{188F5551-5CEA-496C-A537-46D4839BDDDA}.Debug|x64.ActiveCfg = Debug|Any CPU
		{188F5551-5CEA-496C-A537-46D4839BDDDA}.Debug|x64.Build.0 = Debug|Any CPU
		{188F5551-5CEA-496C-A537-46D4839BDDDA}.Debug|x86.ActiveCfg = Debug|Any CPU
		{188F5551-5CEA-496C-A537-46D4839BDDDA}.Debug|x86.Build.0 = Debug|Any CPU
		{188F5551-5CEA-496C-A537-46D4839BDDDA}.Release|Any CPU.ActiveCfg = Release|Any CPU
		{188F5551-5CEA-496C-A537-46D4839BDDDA}.Release|Any CPU.Build.0 = Release|Any CPU
		{188F5551-5CEA-496C-A537-46D4839BDDDA}.Release|x64.ActiveCfg = Release|Any CPU
		{188F5551-5CEA-496C-A537-46D4839BDDDA}.Release|x64.Build.0 = Release|Any CPU
		{188F5551-5CEA-496C-A537-46D4839BDDDA}.Release|x86.ActiveCfg = Release|Any CPU
		{188F5551-5CEA-496C-A537-46D4839BDDDA}.Release|x86.Build.0 = Release|Any CPU
		{BF706BFA-B615-4D33-9321-A20A30FA9E00}.Debug|Any CPU.ActiveCfg = Debug|Any CPU
		{BF706BFA-B615-4D33-9321-A20A30FA9E00}.Debug|Any CPU.Build.0 = Debug|Any CPU
		{BF706BFA-B615-4D33-9321-A20A30FA9E00}.Debug|x64.ActiveCfg = Debug|Any CPU
		{BF706BFA-B615-4D33-9321-A20A30FA9E00}.Debug|x64.Build.0 = Debug|Any CPU
		{BF706BFA-B615-4D33-9321-A20A30FA9E00}.Debug|x86.ActiveCfg = Debug|Any CPU
		{BF706BFA-B615-4D33-9321-A20A30FA9E00}.Debug|x86.Build.0 = Debug|Any CPU
		{BF706BFA-B615-4D33-9321-A20A30FA9E00}.Release|Any CPU.ActiveCfg = Release|Any CPU
		{BF706BFA-B615-4D33-9321-A20A30FA9E00}.Release|Any CPU.Build.0 = Release|Any CPU
		{BF706BFA-B615-4D33-9321-A20A30FA9E00}.Release|x64.ActiveCfg = Release|Any CPU
		{BF706BFA-B615-4D33-9321-A20A30FA9E00}.Release|x64.Build.0 = Release|Any CPU
		{BF706BFA-B615-4D33-9321-A20A30FA9E00}.Release|x86.ActiveCfg = Release|Any CPU
		{BF706BFA-B615-4D33-9321-A20A30FA9E00}.Release|x86.Build.0 = Release|Any CPU
		{C01D739E-0D2C-4E84-BFFC-818F655081BA}.Debug|Any CPU.ActiveCfg = Debug|Any CPU
		{C01D739E-0D2C-4E84-BFFC-818F655081BA}.Debug|Any CPU.Build.0 = Debug|Any CPU
		{C01D739E-0D2C-4E84-BFFC-818F655081BA}.Debug|x64.ActiveCfg = Debug|Any CPU
		{C01D739E-0D2C-4E84-BFFC-818F655081BA}.Debug|x64.Build.0 = Debug|Any CPU
		{C01D739E-0D2C-4E84-BFFC-818F655081BA}.Debug|x86.ActiveCfg = Debug|Any CPU
		{C01D739E-0D2C-4E84-BFFC-818F655081BA}.Debug|x86.Build.0 = Debug|Any CPU
		{C01D739E-0D2C-4E84-BFFC-818F655081BA}.Release|Any CPU.ActiveCfg = Release|Any CPU
		{C01D739E-0D2C-4E84-BFFC-818F655081BA}.Release|Any CPU.Build.0 = Release|Any CPU
		{C01D739E-0D2C-4E84-BFFC-818F655081BA}.Release|x64.ActiveCfg = Release|Any CPU
		{C01D739E-0D2C-4E84-BFFC-818F655081BA}.Release|x64.Build.0 = Release|Any CPU
		{C01D739E-0D2C-4E84-BFFC-818F655081BA}.Release|x86.ActiveCfg = Release|Any CPU
		{C01D739E-0D2C-4E84-BFFC-818F655081BA}.Release|x86.Build.0 = Release|Any CPU
		{7048C825-D082-4619-A334-9738DE270A73}.Debug|Any CPU.ActiveCfg = Debug|Any CPU
		{7048C825-D082-4619-A334-9738DE270A73}.Debug|Any CPU.Build.0 = Debug|Any CPU
		{7048C825-D082-4619-A334-9738DE270A73}.Debug|x64.ActiveCfg = Debug|Any CPU
		{7048C825-D082-4619-A334-9738DE270A73}.Debug|x64.Build.0 = Debug|Any CPU
		{7048C825-D082-4619-A334-9738DE270A73}.Debug|x86.ActiveCfg = Debug|Any CPU
		{7048C825-D082-4619-A334-9738DE270A73}.Debug|x86.Build.0 = Debug|Any CPU
		{7048C825-D082-4619-A334-9738DE270A73}.Release|Any CPU.ActiveCfg = Release|Any CPU
		{7048C825-D082-4619-A334-9738DE270A73}.Release|Any CPU.Build.0 = Release|Any CPU
		{7048C825-D082-4619-A334-9738DE270A73}.Release|x64.ActiveCfg = Release|Any CPU
		{7048C825-D082-4619-A334-9738DE270A73}.Release|x64.Build.0 = Release|Any CPU
		{7048C825-D082-4619-A334-9738DE270A73}.Release|x86.ActiveCfg = Release|Any CPU
		{7048C825-D082-4619-A334-9738DE270A73}.Release|x86.Build.0 = Release|Any CPU
		{FA536609-3902-4EB9-9C5C-494C7FFD04CF}.Debug|Any CPU.ActiveCfg = Debug|Any CPU
		{FA536609-3902-4EB9-9C5C-494C7FFD04CF}.Debug|Any CPU.Build.0 = Debug|Any CPU
		{FA536609-3902-4EB9-9C5C-494C7FFD04CF}.Debug|x64.ActiveCfg = Debug|Any CPU
		{FA536609-3902-4EB9-9C5C-494C7FFD04CF}.Debug|x64.Build.0 = Debug|Any CPU
		{FA536609-3902-4EB9-9C5C-494C7FFD04CF}.Debug|x86.ActiveCfg = Debug|Any CPU
		{FA536609-3902-4EB9-9C5C-494C7FFD04CF}.Debug|x86.Build.0 = Debug|Any CPU
		{FA536609-3902-4EB9-9C5C-494C7FFD04CF}.Release|Any CPU.ActiveCfg = Release|Any CPU
		{FA536609-3902-4EB9-9C5C-494C7FFD04CF}.Release|Any CPU.Build.0 = Release|Any CPU
		{FA536609-3902-4EB9-9C5C-494C7FFD04CF}.Release|x64.ActiveCfg = Release|Any CPU
		{FA536609-3902-4EB9-9C5C-494C7FFD04CF}.Release|x64.Build.0 = Release|Any CPU
		{FA536609-3902-4EB9-9C5C-494C7FFD04CF}.Release|x86.ActiveCfg = Release|Any CPU
		{FA536609-3902-4EB9-9C5C-494C7FFD04CF}.Release|x86.Build.0 = Release|Any CPU
	EndGlobalSection
	GlobalSection(SolutionProperties) = preSolution
		HideSolutionNode = FALSE
	EndGlobalSection
	GlobalSection(NestedProjects) = preSolution
		{C299DF88-3ACA-4C7D-891D-89B71802BBF2} = {827E0CD3-B72D-47B6-A68D-7590B98EB39B}
		{87A7AF3A-067A-4D9D-BE5B-464F315F121D} = {827E0CD3-B72D-47B6-A68D-7590B98EB39B}
		{7E6E443E-C3D4-45DA-A1D3-81C2F620B187} = {0AB3BF05-4346-4AA6-1389-037BE0695223}
		{53A4E788-FB70-4EE9-949A-32D3C4BDF293} = {827E0CD3-B72D-47B6-A68D-7590B98EB39B}
		{2B3F7511-5C02-4382-A21E-D1F9F33AEC07} = {827E0CD3-B72D-47B6-A68D-7590B98EB39B}
		{8BC19A86-A498-4484-B0D8-4D545170772F} = {827E0CD3-B72D-47B6-A68D-7590B98EB39B}
		{188F5551-5CEA-496C-A537-46D4839BDDDA} = {0AB3BF05-4346-4AA6-1389-037BE0695223}
		{BF706BFA-B615-4D33-9321-A20A30FA9E00} = {827E0CD3-B72D-47B6-A68D-7590B98EB39B}
		{C01D739E-0D2C-4E84-BFFC-818F655081BA} = {0AB3BF05-4346-4AA6-1389-037BE0695223}
		{7048C825-D082-4619-A334-9738DE270A73} = {827E0CD3-B72D-47B6-A68D-7590B98EB39B}
		{FA536609-3902-4EB9-9C5C-494C7FFD04CF} = {0AB3BF05-4346-4AA6-1389-037BE0695223}
	EndGlobalSection
	GlobalSection(ExtensibilityGlobals) = postSolution
		SolutionGuid = {0169476E-9322-42A1-9883-2ED4FD4C2B58}
	EndGlobalSection
EndGlobal
